<?xml version="1.0" encoding="utf-8"?>
<Project ToolsVersion="4.0" xmlns="http://schemas.microsoft.com/developer/msbuild/2003">
  <ItemGroup>
    <ClCompile Include="lb_src\Lattice.cpp">
      <Filter>Source Files</Filter>
    </ClCompile>
    <ClCompile Include="lb_src\LatticeElement.cpp">
      <Filter>Source Files</Filter>
    </ClCompile>
    <ClCompile Include="main.cpp">
      <Filter>Source Files</Filter>
    </ClCompile>
  </ItemGroup>
  <ItemGroup>
    <ClInclude Include="lb_src\Lattice.h">
      <Filter>Headers</Filter>
    </ClInclude>
    <ClInclude Include="lb_src\LatticeElement.h">
      <Filter>Headers</Filter>
    </ClInclude>
  </ItemGroup>
  <ItemGroup>
    <Filter Include="Headers">
      <UniqueIdentifier>{2a53b3e8-2bb0-4c6e-bad0-d625cd9f4a33}</UniqueIdentifier>
    </Filter>
    <Filter Include="Source Files">
      <UniqueIdentifier>{eabcfc3e-1618-4800-b270-7784afcf64df}</UniqueIdentifier>
    </Filter>
  </ItemGroup>
  <ItemGroup>
    <CudaCompile Include="simpleKernelVBO.cu">
      <Filter>Source Files</Filter>
    </CudaCompile>
  </ItemGroup>
</Project>