<?xml version="1.0" encoding="utf-8"?>
<Project ToolsVersion="4.0" xmlns="http://schemas.microsoft.com/developer/msbuild/2003">
  <ItemGroup>
    <Filter Include="Source Files">
      <UniqueIdentifier>{4FC737F1-C7A5-4376-A066-2A32D752A2FF}</UniqueIdentifier>
      <Extensions>cpp;cxx;c;def</Extensions>
    </Filter>
    <Filter Include="Header Files">
      <UniqueIdentifier>{93995380-89BD-4b04-88EB-625FBE52EBFB}</UniqueIdentifier>
      <Extensions>h</Extensions>
    </Filter>
    <Filter Include="Form Files">
      <UniqueIdentifier>{99349809-55BA-4b9d-BF79-8FDBB0286EB3}</UniqueIdentifier>
      <Extensions>ui</Extensions>
    </Filter>
    <Filter Include="Resource Files">
      <UniqueIdentifier>{D9D6E242-F8AF-46E4-B9FD-80ECBC20BA3E}</UniqueIdentifier>
      <Extensions>qrc;*</Extensions>
      <ParseFiles>false</ParseFiles>
    </Filter>
    <Filter Include="Generated Files">
      <UniqueIdentifier>{71ED8ED8-ACB9-4CE9-BBE1-E00B30144E11}</UniqueIdentifier>
      <Extensions>moc;h;cpp</Extensions>
      <SourceControlFiles>False</SourceControlFiles>
    </Filter>
    <Filter Include="Generated Files\Debug">
      <UniqueIdentifier>{6af69f74-024c-4c55-8d3f-e4d40a986567}</UniqueIdentifier>
      <Extensions>cpp;moc</Extensions>
      <SourceControlFiles>False</SourceControlFiles>
    </Filter>
    <Filter Include="Generated Files\Release">
      <UniqueIdentifier>{7ef0507a-3948-441a-abf9-ab3a7af562c8}</UniqueIdentifier>
      <Extensions>cpp;moc</Extensions>
      <SourceControlFiles>False</SourceControlFiles>
    </Filter>
    <Filter Include="shaders">
      <UniqueIdentifier>{5afff51a-b064-4c01-b1a3-e3ddc3e9f063}</UniqueIdentifier>
    </Filter>
  </ItemGroup>
  <ItemGroup>
    <ClCompile Include="main.cpp">
      <Filter>Source Files</Filter>
    </ClCompile>
    <ClCompile Include="onh_srl_muscle_sim_2015.cpp">
      <Filter>Source Files</Filter>
    </ClCompile>
    <ClCompile Include="GeneratedFiles\Debug\moc_onh_srl_muscle_sim_2015.cpp">
      <Filter>Generated Files\Debug</Filter>
    </ClCompile>
    <ClCompile Include="GeneratedFiles\Release\moc_onh_srl_muscle_sim_2015.cpp">
      <Filter>Generated Files\Release</Filter>
    </ClCompile>
    <ClCompile Include="GeneratedFiles\qrc_onh_srl_muscle_sim_2015.cpp">
      <Filter>Generated Files</Filter>
    </ClCompile>
    <ClCompile Include="customglwidget.cpp">
      <Filter>Source Files</Filter>
    </ClCompile>
    <ClCompile Include="GeneratedFiles\Debug\moc_customglwidget.cpp">
      <Filter>Generated Files\Debug</Filter>
    </ClCompile>
    <ClCompile Include="GeneratedFiles\Release\moc_customglwidget.cpp">
      <Filter>Generated Files\Release</Filter>
    </ClCompile>
    <ClCompile Include="qtopenglscene.cpp">
      <Filter>Source Files</Filter>
    </ClCompile>
    <ClCompile Include="customglvaowidget.cpp">
      <Filter>Source Files</Filter>
    </ClCompile>
    <ClCompile Include="GeneratedFiles\Debug\moc_customglvaowidget.cpp">
      <Filter>Generated Files\Debug</Filter>
    </ClCompile>
    <ClCompile Include="GeneratedFiles\Release\moc_customglvaowidget.cpp">
      <Filter>Generated Files\Release</Filter>
    </ClCompile>
    <ClCompile Include="source\cAssimpManager.cpp">
      <Filter>Source Files</Filter>
    </ClCompile>
    <ClCompile Include="source\cTextureManager.cpp">
      <Filter>Source Files</Filter>
    </ClCompile>
    <ClCompile Include="source\cStringUtils.cpp">
      <Filter>Source Files</Filter>
    </ClCompile>
    <ClCompile Include="source\cAssimpMesh.cpp">
      <Filter>Source Files</Filter>
    </ClCompile>
  </ItemGroup>
  <ItemGroup>
    <CustomBuild Include="onh_srl_muscle_sim_2015.h">
      <Filter>Header Files</Filter>
    </CustomBuild>
    <CustomBuild Include="onh_srl_muscle_sim_2015.ui">
      <Filter>Form Files</Filter>
    </CustomBuild>
    <CustomBuild Include="onh_srl_muscle_sim_2015.qrc">
      <Filter>Resource Files</Filter>
    </CustomBuild>
    <CustomBuild Include="customglwidget.h">
      <Filter>Header Files</Filter>
    </CustomBuild>
    <CustomBuild Include="customglvaowidget.h">
      <Filter>Header Files</Filter>
    </CustomBuild>
  </ItemGroup>
  <ItemGroup>
    <ClInclude Include="GeneratedFiles\ui_onh_srl_muscle_sim_2015.h">
      <Filter>Generated Files</Filter>
    </ClInclude>
    <ClInclude Include="abstractscene.h">
      <Filter>Header Files</Filter>
    </ClInclude>
    <ClInclude Include="glassert.h">
      <Filter>Header Files</Filter>
    </ClInclude>
    <ClInclude Include="qtopenglscene.h">
      <Filter>Header Files</Filter>
    </ClInclude>
    <ClInclude Include="header\cAssimpManager.h">
      <Filter>Header Files</Filter>
    </ClInclude>
    <ClInclude Include="header\cMacros.h">
      <Filter>Header Files</Filter>
    </ClInclude>
    <ClInclude Include="header\cTextureManager.h">
      <Filter>Header Files</Filter>
    </ClInclude>
    <ClInclude Include="header\cStringUtils.h">
      <Filter>Header Files</Filter>
    </ClInclude>
    <ClInclude Include="header\cAssimpMesh.h">
      <Filter>Header Files</Filter>
    </ClInclude>
  </ItemGroup>
  <ItemGroup>
    <None Include="shaders\phong.frag">
      <Filter>shaders</Filter>
    </None>
    <None Include="shaders\phong.vert">
      <Filter>shaders</Filter>
    </None>
    <None Include="shaders\dirlightdiffambpix.frag">
      <Filter>shaders</Filter>
    </None>
    <None Include="shaders\dirlightdiffambpix.vert">
      <Filter>shaders</Filter>
    </None>
  </ItemGroup>
</Project>